# This file is automatically @generated by Cargo.
# It is not intended for manual editing.
[[package]]
name = "anyhow"
version = "1.0.43"
source = "registry+https://github.com/rust-lang/crates.io-index"
checksum = "28ae2b3dec75a406790005a200b1bd89785afc02517a00ca99ecfe093ee9e6cf"

[[package]]
name = "arbitrary"
version = "1.0.1"
source = "registry+https://github.com/rust-lang/crates.io-index"
checksum = "237430fd6ed3740afe94eefcc278ae21e050285be882804e0d6e8695f0c94691"
dependencies = [
 "derive_arbitrary",
]

[[package]]
name = "custom_debug"
version = "0.5.0"
source = "registry+https://github.com/rust-lang/crates.io-index"
checksum = "e8225047674d65dcf4321e6bd3e060bdbbe940604a99b1559827f3e61c498d1e"
dependencies = [
 "custom_debug_derive",
]

[[package]]
name = "custom_debug_derive"
version = "0.5.0"
source = "registry+https://github.com/rust-lang/crates.io-index"
checksum = "9b35d34eb004bf2d33c093f1c55ee77829e8654644288d3b6afd8c2d99d23729"
dependencies = [
 "proc-macro2",
 "syn",
 "synstructure",
]

[[package]]
name = "derive_arbitrary"
version = "1.0.1"
source = "registry+https://github.com/rust-lang/crates.io-index"
checksum = "5f1281ee141df08871db9fe261ab5312179eac32d1e314134ceaa8dd7c042f5a"
dependencies = [
 "proc-macro2",
 "quote",
 "syn",
]

[[package]]
name = "leb128"
version = "0.2.4"
source = "registry+https://github.com/rust-lang/crates.io-index"
checksum = "3576a87f2ba00f6f106fdfcd16db1d698d648a26ad8e0573cad8537c3c362d2a"

[[package]]
name = "once_cell"
version = "1.8.0"
source = "registry+https://github.com/rust-lang/crates.io-index"
checksum = "692fcb63b64b1758029e0a96ee63e049ce8c5948587f2f7208df04625e5f6b56"

[[package]]
name = "proc-macro2"
version = "1.0.28"
source = "registry+https://github.com/rust-lang/crates.io-index"
checksum = "5c7ed8b8c7b886ea3ed7dde405212185f423ab44682667c8c6dd14aa1d9f6612"
dependencies = [
 "unicode-xid",
]

[[package]]
name = "quote"
version = "1.0.9"
source = "registry+https://github.com/rust-lang/crates.io-index"
checksum = "c3d0b9745dc2debf507c8422de05d7226cc1f0644216dfdfead988f9b1ab32a7"
dependencies = [
 "proc-macro2",
]

[[package]]
name = "syn"
version = "1.0.74"
source = "registry+https://github.com/rust-lang/crates.io-index"
checksum = "1873d832550d4588c3dbc20f01361ab00bfe741048f71e3fecf145a7cc18b29c"
dependencies = [
 "proc-macro2",
 "quote",
 "unicode-xid",
]

[[package]]
name = "synstructure"
version = "0.12.5"
source = "registry+https://github.com/rust-lang/crates.io-index"
checksum = "474aaa926faa1603c40b7885a9eaea29b444d1cb2850cb7c0e37bb1a4182f4fa"
dependencies = [
 "proc-macro2",
 "quote",
 "syn",
 "unicode-xid",
]

[[package]]
name = "thiserror"
version = "1.0.26"
source = "registry+https://github.com/rust-lang/crates.io-index"
checksum = "93119e4feac1cbe6c798c34d3a53ea0026b0b1de6a120deef895137c0529bfe2"
dependencies = [
 "thiserror-impl",
]

[[package]]
name = "thiserror-impl"
version = "1.0.26"
source = "registry+https://github.com/rust-lang/crates.io-index"
checksum = "060d69a0afe7796bf42e9e2ff91f5ee691fb15c53d38b4b62a9a53eb23164745"
dependencies = [
 "proc-macro2",
 "quote",
 "syn",
]

[[package]]
name = "unicode-xid"
version = "0.2.2"
source = "registry+https://github.com/rust-lang/crates.io-index"
checksum = "8ccb82d61f80a663efe1f787a51b16b5a51e3314d6ac365b08639f52387b33f3"

[[package]]
name = "wasm-stats"
version = "0.1.0"
dependencies = [
 "anyhow",
 "wasmbin",
 "written_size",
]

[[package]]
name = "wasmbin"
version = "0.3.1"
source = "registry+https://github.com/rust-lang/crates.io-index"
checksum = "d20fcb9fd22f03e03721440fc53e05d6d65fedb5cf8bac3dcbf750d5f2d6858f"
dependencies = [
 "arbitrary",
 "custom_debug",
 "leb128",
 "once_cell",
 "thiserror",
 "wasmbin-derive",
]

[[package]]
name = "wasmbin-derive"
version = "0.1.0"
source = "registry+https://github.com/rust-lang/crates.io-index"
checksum = "62532b8d65dcb46bc02469aac67580e35f216a09fbe6724202023a99e4120f1f"
dependencies = [
 "proc-macro2",
 "quote",
 "syn",
 "synstructure",
 "thiserror",
]

[[package]]
name = "written_size"
version = "0.1.0"
source = "registry+https://github.com/rust-lang/crates.io-index"
checksum = "0e774c5488ea6b485a2f262d66715a80acaf2c36b225c60adea1fa540ccc9a63"
